
Microsoft Visual Studio Solution File, Format Version 12.00
# Visual Studio 2012
Project("{FAE04EC0-301F-11D3-BF4B-00C04F79EFBC}") = "SportsStore", "SportsStore\SportsStore.csproj", "{AF0FE412-62A7-4812-92A4-DFDB8CAA89C0}"
EndProject
Global
	GlobalSection(SolutionConfigurationPlatforms) = preSolution
		Debug|Any CPU = Debug|Any CPU
		Release|Any CPU = Release|Any CPU
	EndGlobalSection
	GlobalSection(ProjectConfigurationPlatforms) = postSolution
		{AF0FE412-62A7-4812-92A4-DFDB8CAA89C0}.Debug|Any CPU.ActiveCfg = Debug|Any CPU
		{AF0FE412-62A7-4812-92A4-DFDB8CAA89C0}.Debug|Any CPU.Build.0 = Debug|Any CPU
		{AF0FE412-62A7-4812-92A4-DFDB8CAA89C0}.Release|Any CPU.ActiveCfg = Release|Any CPU
		{AF0FE412-62A7-4812-92A4-DFDB8CAA89C0}.Release|Any CPU.Build.0 = Release|Any CPU
	EndGlobalSection
EndGlobal
